<?xml version="1.0" encoding="utf-8"?>
<Project ToolsVersion="4.0" xmlns="http://schemas.microsoft.com/developer/msbuild/2003">
  <ItemGroup>
    <Filter Include="Source Files">
      <UniqueIdentifier>{4FC737F1-C7A5-4376-A066-2A32D752A2FF}</UniqueIdentifier>
      <Extensions>cpp;c;cc;cxx;def;odl;idl;hpj;bat;asm;asmx</Extensions>
    </Filter>
    <Filter Include="Header Files">
      <UniqueIdentifier>{93995380-89BD-4b04-88EB-625FBE52EBFB}</UniqueIdentifier>
      <Extensions>h;hh;hpp;hxx;hm;inl;inc;xsd</Extensions>
    </Filter>
    <Filter Include="Resource Files">
      <UniqueIdentifier>{67DA6AB6-F800-4c08-8B7A-83BB121AAD01}</UniqueIdentifier>
      <Extensions>rc;ico;cur;bmp;dlg;rc2;rct;bin;rgs;gif;jpg;jpeg;jpe;resx;tiff;tif;png;wav;mfcribbon-ms</Extensions>
    </Filter>
    <Filter Include="Source Files\Managers">
      <UniqueIdentifier>{f8183d55-01e4-49cc-ac17-f5960d779688}</UniqueIdentifier>
    </Filter>
    <Filter Include="Header Files\Managers">
      <UniqueIdentifier>{1a1e5380-6fac-41b8-99ca-81e7115ac3b1}</UniqueIdentifier>
    </Filter>
    <Filter Include="Source Files\Enemies">
      <UniqueIdentifier>{75ef9e2a-4f27-4444-944b-87414dde3c7d}</UniqueIdentifier>
    </Filter>
    <Filter Include="Header Files\Enemies">
      <UniqueIdentifier>{1194537a-830e-4dc6-8e76-fbd9c9be93d2}</UniqueIdentifier>
    </Filter>
    <Filter Include="Header Files\PowerUps">
      <UniqueIdentifier>{ae427cb0-11de-4ca1-a82f-96fe746b57c2}</UniqueIdentifier>
    </Filter>
    <Filter Include="Source Files\PowerUps">
      <UniqueIdentifier>{e84f7ba4-b5ff-459c-844a-29f049469fbc}</UniqueIdentifier>
    </Filter>
  </ItemGroup>
  <ItemGroup>
    <ClCompile Include="main.cpp">
      <Filter>Source Files</Filter>
    </ClCompile>
    <ClCompile Include="Game.cpp">
      <Filter>Source Files</Filter>
    </ClCompile>
    <ClCompile Include="Animation.cpp">
      <Filter>Source Files</Filter>
    </ClCompile>
    <ClCompile Include="Unit.cpp">
      <Filter>Source Files</Filter>
    </ClCompile>
    <ClCompile Include="InputTranslator.cpp">
      <Filter>Source Files</Filter>
    </ClCompile>
    <ClCompile Include="PlaceUnitEvent.cpp">
      <Filter>Source Files</Filter>
    </ClCompile>
    <ClCompile Include="DestroyUnitEvent.cpp">
      <Filter>Source Files</Filter>
    </ClCompile>
    <ClCompile Include="Player.cpp">
      <Filter>Source Files</Filter>
    </ClCompile>
    <ClCompile Include="MovePlayerEvent.cpp">
      <Filter>Source Files</Filter>
    </ClCompile>
    <ClCompile Include="Text.cpp">
      <Filter>Source Files</Filter>
    </ClCompile>
    <ClCompile Include="FileReader.cpp">
      <Filter>Source Files</Filter>
    </ClCompile>
    <ClCompile Include="QuestionBlock.cpp">
      <Filter>Source Files</Filter>
    </ClCompile>
    <ClCompile Include="BrickBlock.cpp">
      <Filter>Source Files</Filter>
    </ClCompile>
    <ClCompile Include="Prop.cpp">
      <Filter>Source Files</Filter>
    </ClCompile>
    <ClCompile Include="GraphicsBufferManager.cpp">
      <Filter>Source Files\Managers</Filter>
    </ClCompile>
    <ClCompile Include="TextManager.cpp">
      <Filter>Source Files\Managers</Filter>
    </ClCompile>
    <ClCompile Include="UnitManager.cpp">
      <Filter>Source Files\Managers</Filter>
    </ClCompile>
    <ClCompile Include="Goomba.cpp">
      <Filter>Source Files\Enemies</Filter>
    </ClCompile>
    <ClCompile Include="Koopa.cpp">
      <Filter>Source Files\Enemies</Filter>
    </ClCompile>
    <ClCompile Include="PiranhaPlant.cpp">
      <Filter>Source Files\Enemies</Filter>
    </ClCompile>
    <ClCompile Include="EndBlock.cpp">
      <Filter>Source Files</Filter>
    </ClCompile>
    <ClCompile Include="SaveStateManager.cpp">
      <Filter>Source Files</Filter>
    </ClCompile>
    <ClCompile Include="LanguageManager.cpp">
      <Filter>Source Files\Managers</Filter>
    </ClCompile>
    <ClCompile Include="Platform.cpp">
      <Filter>Source Files</Filter>
    </ClCompile>
    <ClCompile Include="LoadLanguageEvent.cpp">
      <Filter>Source Files</Filter>
    </ClCompile>
    <ClCompile Include="Thwomp.cpp">
      <Filter>Source Files\Enemies</Filter>
    </ClCompile>
    <ClCompile Include="DryBones.cpp">
      <Filter>Source Files\Enemies</Filter>
    </ClCompile>
    <ClCompile Include="Fireball.cpp">
      <Filter>Source Files\Enemies</Filter>
    </ClCompile>
    <ClCompile Include="Starmen.cpp">
      <Filter>Source Files\PowerUps</Filter>
    </ClCompile>
    <ClCompile Include="SuperMushroom.cpp">
      <Filter>Source Files\PowerUps</Filter>
    </ClCompile>
    <ClCompile Include="AudioManager.cpp">
      <Filter>Source Files\Managers</Filter>
    </ClCompile>
    <ClCompile Include="MenuManager.cpp">
      <Filter>Source Files\Managers</Filter>
    </ClCompile>
    <ClCompile Include="LevelManager.cpp">
      <Filter>Source Files\Managers</Filter>
    </ClCompile>
    <ClCompile Include="BoomBoom.cpp">
      <Filter>Source Files\Enemies</Filter>
    </ClCompile>
    <ClCompile Include="Tile.cpp">
      <Filter>Source Files</Filter>
    </ClCompile>
  </ItemGroup>
  <ItemGroup>
    <ClInclude Include="Game.h">
      <Filter>Header Files</Filter>
    </ClInclude>
    <ClInclude Include="Animation.h">
      <Filter>Header Files</Filter>
    </ClInclude>
    <ClInclude Include="Unit.h">
      <Filter>Header Files</Filter>
    </ClInclude>
    <ClInclude Include="InputTranslator.h">
      <Filter>Header Files</Filter>
    </ClInclude>
    <ClInclude Include="PlaceUnitEvent.h">
      <Filter>Header Files</Filter>
    </ClInclude>
    <ClInclude Include="DestroyUnitEvent.h">
      <Filter>Header Files</Filter>
    </ClInclude>
    <ClInclude Include="GameEvent.h">
      <Filter>Header Files</Filter>
    </ClInclude>
    <ClInclude Include="SwitchAnimationEvent.h">
      <Filter>Header Files</Filter>
    </ClInclude>
    <ClInclude Include="QuitEvent.h">
      <Filter>Header Files</Filter>
    </ClInclude>
    <ClInclude Include="StopStartAnimationEvent.h">
      <Filter>Header Files</Filter>
    </ClInclude>
    <ClInclude Include="Player.h">
      <Filter>Header Files</Filter>
    </ClInclude>
    <ClInclude Include="MovePlayerEvent.h">
      <Filter>Header Files</Filter>
    </ClInclude>
    <ClInclude Include="ShootEvent.h">
      <Filter>Header Files</Filter>
    </ClInclude>
    <ClInclude Include="Text.h">
      <Filter>Header Files</Filter>
    </ClInclude>
    <ClInclude Include="FileReader.h">
      <Filter>Header Files</Filter>
    </ClInclude>
    <ClInclude Include="JumpEvent.h">
      <Filter>Header Files</Filter>
    </ClInclude>
    <ClInclude Include="MovePlayerRightEvent.h">
      <Filter>Header Files</Filter>
    </ClInclude>
    <ClInclude Include="MovePlayerLeftEvent.h">
      <Filter>Header Files</Filter>
    </ClInclude>
    <ClInclude Include="QuestionBlock.h">
      <Filter>Header Files</Filter>
    </ClInclude>
    <ClInclude Include="BrickBlock.h">
      <Filter>Header Files</Filter>
    </ClInclude>
    <ClInclude Include="Prop.h">
      <Filter>Header Files</Filter>
    </ClInclude>
    <ClInclude Include="GraphicsBufferManager.h">
      <Filter>Header Files\Managers</Filter>
    </ClInclude>
    <ClInclude Include="TextManager.h">
      <Filter>Header Files\Managers</Filter>
    </ClInclude>
    <ClInclude Include="UnitManager.h">
      <Filter>Header Files\Managers</Filter>
    </ClInclude>
    <ClInclude Include="Goomba.h">
      <Filter>Header Files\Enemies</Filter>
    </ClInclude>
    <ClInclude Include="Koopa.h">
      <Filter>Header Files\Enemies</Filter>
    </ClInclude>
    <ClInclude Include="PiranhaPlant.h">
      <Filter>Header Files\Enemies</Filter>
    </ClInclude>
    <ClInclude Include="EndBlock.h">
      <Filter>Header Files</Filter>
    </ClInclude>
    <ClInclude Include="SaveStateManager.h">
      <Filter>Header Files</Filter>
    </ClInclude>
    <ClInclude Include="SaveGameEvent.h">
      <Filter>Header Files</Filter>
    </ClInclude>
    <ClInclude Include="LoadGameEvent.h">
      <Filter>Header Files</Filter>
    </ClInclude>
    <ClInclude Include="LanguageManager.h">
      <Filter>Header Files\Managers</Filter>
    </ClInclude>
    <ClInclude Include="Platform.h">
      <Filter>Header Files</Filter>
    </ClInclude>
    <ClInclude Include="LoadLanguageEvent.h">
      <Filter>Header Files</Filter>
    </ClInclude>
    <ClInclude Include="Thwomp.h">
      <Filter>Header Files\Enemies</Filter>
    </ClInclude>
    <ClInclude Include="DryBones.h">
      <Filter>Header Files\Enemies</Filter>
    </ClInclude>
    <ClInclude Include="Fireball.h">
      <Filter>Header Files\Enemies</Filter>
    </ClInclude>
    <ClInclude Include="SuperMushroom.h">
      <Filter>Header Files\PowerUps</Filter>
    </ClInclude>
    <ClInclude Include="Starmen.h">
      <Filter>Header Files\PowerUps</Filter>
    </ClInclude>
    <ClInclude Include="AudioManager.h">
      <Filter>Header Files\Managers</Filter>
    </ClInclude>
    <ClInclude Include="MenuManager.h">
      <Filter>Header Files\Managers</Filter>
    </ClInclude>
    <ClInclude Include="LevelManager.h">
      <Filter>Header Files\Managers</Filter>
    </ClInclude>
    <ClInclude Include="Direction.h">
      <Filter>Header Files</Filter>
    </ClInclude>
    <ClInclude Include="BoomBoom.h">
      <Filter>Header Files\Enemies</Filter>
    </ClInclude>
    <ClInclude Include="Tile.h">
      <Filter>Header Files</Filter>
    </ClInclude>
  </ItemGroup>
  <ItemGroup>
    <Text Include="ModFile.txt">
      <Filter>Resource Files</Filter>
    </Text>
    <Text Include="Levels.txt">
      <Filter>Resource Files</Filter>
    </Text>
    <Text Include="English.txt">
      <Filter>Resource Files</Filter>
    </Text>
    <Text Include="Pirate.txt">
      <Filter>Resource Files</Filter>
    </Text>
    <Text Include="Vulcan.txt">
      <Filter>Resource Files</Filter>
    </Text>
    <Text Include="Level_2.txt">
      <Filter>Resource Files</Filter>
    </Text>
    <Text Include="Level_1.txt">
      <Filter>Resource Files</Filter>
    </Text>
    <Text Include="Level_3.txt">
      <Filter>Resource Files</Filter>
    </Text>
    <Text Include="Level_5.txt">
      <Filter>Resource Files</Filter>
    </Text>
    <Text Include="Level_6.txt">
      <Filter>Resource Files</Filter>
    </Text>
    <Text Include="Level_4.txt">
      <Filter>Resource Files</Filter>
    </Text>
  </ItemGroup>
</Project>